
Microsoft Visual Studio Solution File, Format Version 12.00
# Visual Studio Version 17
VisualStudioVersion = 17.4.33213.308
MinimumVisualStudioVersion = 10.0.40219.1
Project("{9A19103F-16F7-4668-BE54-9A1E7A4F7556}") = "IrisFlowerClustering", "IrisFlowerClustering\IrisFlowerClustering.csproj", "{05FC1CA4-BF79-44AB-8F9F-A5AC04B12F49}"
EndProject
Project("{9A19103F-16F7-4668-BE54-9A1E7A4F7556}") = "IrisFlowerML_ConsoleApp", "IrisFlowerML_ConsoleApp\IrisFlowerML_ConsoleApp.csproj", "{DA79E711-348E-49BA-B5F9-18EA8A2AAB56}"
EndProject
Project("{9A19103F-16F7-4668-BE54-9A1E7A4F7556}") = "IrisFlowerML_WebApi", "IrisFlowerML_WebApi\IrisFlowerML_WebApi.csproj", "{7BB5CB08-0827-411C-892A-C5968836B2F6}"
EndProject
Global
	GlobalSection(SolutionConfigurationPlatforms) = preSolution
		Debug|Any CPU = Debug|Any CPU
		Release|Any CPU = Release|Any CPU
	EndGlobalSection
	GlobalSection(ProjectConfigurationPlatforms) = postSolution
		{05FC1CA4-BF79-44AB-8F9F-A5AC04B12F49}.Debug|Any CPU.ActiveCfg = Debug|Any CPU
		{05FC1CA4-BF79-44AB-8F9F-A5AC04B12F49}.Debug|Any CPU.Build.0 = Debug|Any CPU
		{05FC1CA4-BF79-44AB-8F9F-A5AC04B12F49}.Release|Any CPU.ActiveCfg = Release|Any CPU
		{05FC1CA4-BF79-44AB-8F9F-A5AC04B12F49}.Release|Any CPU.Build.0 = Release|Any CPU
		{DA79E711-348E-49BA-B5F9-18EA8A2AAB56}.Debug|Any CPU.ActiveCfg = Debug|Any CPU
		{DA79E711-348E-49BA-B5F9-18EA8A2AAB56}.Debug|Any CPU.Build.0 = Debug|Any CPU
		{DA79E711-348E-49BA-B5F9-18EA8A2AAB56}.Release|Any CPU.ActiveCfg = Release|Any CPU
		{DA79E711-348E-49BA-B5F9-18EA8A2AAB56}.Release|Any CPU.Build.0 = Release|Any CPU
		{7BB5CB08-0827-411C-892A-C5968836B2F6}.Debug|Any CPU.ActiveCfg = Debug|Any CPU
		{7BB5CB08-0827-411C-892A-C5968836B2F6}.Debug|Any CPU.Build.0 = Debug|Any CPU
		{7BB5CB08-0827-411C-892A-C5968836B2F6}.Release|Any CPU.ActiveCfg = Release|Any CPU
		{7BB5CB08-0827-411C-892A-C5968836B2F6}.Release|Any CPU.Build.0 = Release|Any CPU
	EndGlobalSection
	GlobalSection(SolutionProperties) = preSolution
		HideSolutionNode = FALSE
	EndGlobalSection
	GlobalSection(ExtensibilityGlobals) = postSolution
		SolutionGuid = {8F46FD5C-447B-441F-9341-702CEE33497B}
	EndGlobalSection
EndGlobal
